
Microsoft Visual Studio Solution File, Format Version 12.00
# Visual Studio Version 17
VisualStudioVersion = 17.2.32519.379
MinimumVisualStudioVersion = 10.0.40219.1
Project("{FAE04EC0-301F-11D3-BF4B-00C04F79EFBC}") = "weatherApi", "weatherApi\weatherApi.csproj", "{10A23E85-A03B-4FAA-81B6-6B6EBED4FB1B}"
EndProject
Global
	GlobalSection(SolutionConfigurationPlatforms) = preSolution
		Debug|Any CPU = Debug|Any CPU
		Release|Any CPU = Release|Any CPU
	EndGlobalSection
	GlobalSection(ProjectConfigurationPlatforms) = postSolution
		{10A23E85-A03B-4FAA-81B6-6B6EBED4FB1B}.Debug|Any CPU.ActiveCfg = Debug|Any CPU
		{10A23E85-A03B-4FAA-81B6-6B6EBED4FB1B}.Debug|Any CPU.Build.0 = Debug|Any CPU
		{10A23E85-A03B-4FAA-81B6-6B6EBED4FB1B}.Release|Any CPU.ActiveCfg = Release|Any CPU
		{10A23E85-A03B-4FAA-81B6-6B6EBED4FB1B}.Release|Any CPU.Build.0 = Release|Any CPU
	EndGlobalSection
	GlobalSection(SolutionProperties) = preSolution
		HideSolutionNode = FALSE
	EndGlobalSection
	GlobalSection(ExtensibilityGlobals) = postSolution
		SolutionGuid = {BFF0CC1B-AFC7-499C-A736-F1D01841445F}
	EndGlobalSection
EndGlobal
